// !$*UTF8*$!
{
	archiveVersion = 1;
	classes = {
	};
	objectVersion = 46;
	objects = {

/* Begin PBXBuildFile section */
		9FEE2BE71597E74500830BB0 /* UIKit.framework in Frameworks */ = {isa = PBXBuildFile; fileRef = 9FEE2BE61597E74500830BB0 /* UIKit.framework */; };
		9FEE2BE91597E74500830BB0 /* Foundation.framework in Frameworks */ = {isa = PBXBuildFile; fileRef = 9FEE2BE81597E74500830BB0 /* Foundation.framework */; };
		9FEE2BEB1597E74500830BB0 /* CoreGraphics.framework in Frameworks */ = {isa = PBXBuildFile; fileRef = 9FEE2BEA1597E74500830BB0 /* CoreGraphics.framework */; };
		9FEE2BF11597E74500830BB0 /* InfoPlist.strings in Resources */ = {isa = PBXBuildFile; fileRef = 9FEE2BEF1597E74500830BB0 /* InfoPlist.strings */; };
		9FEE2BF31597E74500830BB0 /* main.m in Sources */ = {isa = PBXBuildFile; fileRef = 9FEE2BF21597E74500830BB0 /* main.m */; };
		9FEE2BF71597E74500830BB0 /* CalculatorAppDelegate.m in Sources */ = {isa = PBXBuildFile; fileRef = 9FEE2BF61597E74500830BB0 /* CalculatorAppDelegate.m */; };
		9FEE2BFA1597E74500830BB0 /* MainStoryboard.storyboard in Resources */ = {isa = PBXBuildFile; fileRef = 9FEE2BF81597E74500830BB0 /* MainStoryboard.storyboard */; };
		9FEE2BFD1597E74500830BB0 /* CalculatorViewController.m in Sources */ = {isa = PBXBuildFile; fileRef = 9FEE2BFC1597E74500830BB0 /* CalculatorViewController.m */; };
/* End PBXBuildFile section */

/* Begin PBXFileReference section */
		9FEE2BE21597E74500830BB0 /* Calculator.app */ = {isa = PBXFileReference; explicitFileType = wrapper.application; includeInIndex = 0; path = Calculator.app; sourceTree = BUILT_PRODUCTS_DIR; };
		9FEE2BE61597E74500830BB0 /* UIKit.framework */ = {isa = PBXFileReference; lastKnownFileType = wrapper.framework; name = UIKit.framework; path = System/Library/Frameworks/UIKit.framework; sourceTree = SDKROOT; };
		9FEE2BE81597E74500830BB0 /* Foundation.framework */ = {isa = PBXFileReference; lastKnownFileType = wrapper.framework; name = Foundation.framework; path = System/Library/Frameworks/Foundation.framework; sourceTree = SDKROOT; };
		9FEE2BEA1597E74500830BB0 /* CoreGraphics.framework */ = {isa = PBXFileReference; lastKnownFileType = wrapper.framework; name = CoreGraphics.framework; path = System/Library/Frameworks/CoreGraphics.framework; sourceTree = SDKROOT; };
		9FEE2BEE1597E74500830BB0 /* Calculator-Info.plist */ = {isa = PBXFileReference; path = "Calculator-Info.plist"; sourceTree = "<group>"; };
		9FEE2BF01597E74500830BB0 /* en */ = {isa = PBXFileReference; lastKnownFileType = text.plist.strings; name = en; path = en.lproj/InfoPlist.strings; sourceTree = "<group>"; };
		9FEE2BF21597E74500830BB0 /* main.m */ = {isa = PBXFileReference; lastKnownFileType = sourcecode.c.objc; path = main.m; sourceTree = "<group>"; };
		9FEE2BF41597E74500830BB0 /* Calculator-Prefix.pch */ = {isa = PBXFileReference; path = "Calculator-Prefix.pch"; sourceTree = "<group>"; };
		9FEE2BF51597E74500830BB0 /* CalculatorAppDelegate.h */ = {isa = PBXFileReference; path = CalculatorAppDelegate.h; sourceTree = "<group>"; };
		9FEE2BF61597E74500830BB0 /* CalculatorAppDelegate.m */ = {isa = PBXFileReference; lastKnownFileType = sourcecode.c.objc; path = CalculatorAppDelegate.m; sourceTree = "<group>"; };
		9FEE2BF91597E74500830BB0 /* en */ = {isa = PBXFileReference; lastKnownFileType = file.storyboard; name = en; path = en.lproj/MainStoryboard.storyboard; sourceTree = "<group>"; };
		9FEE2BFB1597E74500830BB0 /* CalculatorViewController.h */ = {isa = PBXFileReference; path = CalculatorViewController.h; sourceTree = "<group>"; };
		9FEE2BFC1597E74500830BB0 /* CalculatorViewController.m */ = {isa = PBXFileReference; lastKnownFileType = sourcecode.c.objc; path = CalculatorViewController.m; sourceTree = "<group>"; };
/* End PBXFileReference section */

/* Begin PBXFrameworksBuildPhase section */
		9FEE2BDF1597E74500830BB0 /* Frameworks */ = {
			isa = PBXFrameworksBuildPhase;
			buildActionMask = 2147483647;
			files = (
				9FEE2BE71597E74500830BB0 /* UIKit.framework in Frameworks */,
				9FEE2BE91597E74500830BB0 /* Foundation.framework in Frameworks */,
				9FEE2BEB1597E74500830BB0 /* CoreGraphics.framework in Frameworks */,
			);
			runOnlyForDeploymentPostprocessing = 0;
		};
/* End PBXFrameworksBuildPhase section */

/* Begin PBXGroup section */
		9FEE2BD71597E74500830BB0 = {
			isa = PBXGroup;
			children = (
				9FEE2BEC1597E74500830BB0 /* Calculator */,
				9FEE2BE51597E74500830BB0 /* Frameworks */,
				9FEE2BE31597E74500830BB0 /* Products */,
			);
			sourceTree = "<group>";
		};
		9FEE2BE31597E74500830BB0 /* Products */ = {
			isa = PBXGroup;
			children = (
				9FEE2BE21597E74500830BB0 /* Calculator.app */,
			);
			name = Products;
			sourceTree = "<group>";
		};
		9FEE2BE51597E74500830BB0 /* Frameworks */ = {
			isa = PBXGroup;
			children = (
				9FEE2BE61597E74500830BB0 /* UIKit.framework */,
				9FEE2BE81597E74500830BB0 /* Foundation.framework */,
				9FEE2BEA1597E74500830BB0 /* CoreGraphics.framework */,
			);
			name = Frameworks;
			sourceTree = "<group>";
		};
		9FEE2BEC1597E74500830BB0 /* Calculator */ = {
			isa = PBXGroup;
			children = (
				9FEE2BF51597E74500830BB0 /* CalculatorAppDelegate.h */,
				9FEE2BF61597E74500830BB0 /* CalculatorAppDelegate.m */,
				9FEE2BF81597E74500830BB0 /* MainStoryboard.storyboard */,
				9FEE2BFB1597E74500830BB0 /* CalculatorViewController.h */,
				9FEE2BFC1597E74500830BB0 /* CalculatorViewController.m */,
				9FEE2BED1597E74500830BB0 /* Supporting Files */,
			);
			path = Calculator;
			sourceTree = "<group>";
		};
		9FEE2BED1597E74500830BB0 /* Supporting Files */ = {
			isa = PBXGroup;
			children = (
				9FEE2BEE1597E74500830BB0 /* Calculator-Info.plist */,
				9FEE2BEF1597E74500830BB0 /* InfoPlist.strings */,
				9FEE2BF21597E74500830BB0 /* main.m */,
				9FEE2BF41597E74500830BB0 /* Calculator-Prefix.pch */,
			);
			name = "Supporting Files";
			sourceTree = "<group>";
		};
/* End PBXGroup section */

/* Begin PBXNativeTarget section */
		9FEE2BE11597E74500830BB0 /* Calculator */ = {
			isa = PBXNativeTarget;
			buildConfigurationList = 9FEE2C001597E74500830BB0 /* Build configuration list for PBXNativeTarget "Calculator" */;
			buildPhases = (
				9FEE2BDE1597E74500830BB0 /* Sources */,
				9FEE2BDF1597E74500830BB0 /* Frameworks */,
				9FEE2BE01597E74500830BB0 /* Resources */,
			);
			buildRules = (
			);
			dependencies = (
			);
			name = Calculator;
			productName = Calculator;
			productReference = 9FEE2BE21597E74500830BB0 /* Calculator.app */;
			productType = "com.apple.product-type.application";
		};
/* End PBXNativeTarget section */

/* Begin PBXProject section */
		9FEE2BD91597E74500830BB0 /* Project object */ = {
			isa = PBXProject;
			attributes = {
				LastUpgradeCheck = 0420;
			};
			buildConfigurationList = 9FEE2BDC1597E74500830BB0 /* Build configuration list for PBXProject "Calculator" */;
			compatibilityVersion = "Xcode 3.2";
			developmentRegion = English;
			hasScannedForEncodings = 0;
			knownRegions = (
				en,
			);
			mainGroup = 9FEE2BD71597E74500830BB0;
			productRefGroup = 9FEE2BE31597E74500830BB0 /* Products */;
			projectDirPath = "";
			projectRoot = "";
			targets = (
				9FEE2BE11597E74500830BB0 /* Calculator */,
			);
		};
/* End PBXProject section */

/* Begin PBXResourcesBuildPhase section */
		9FEE2BE01597E74500830BB0 /* Resources */ = {
			isa = PBXResourcesBuildPhase;
			buildActionMask = 2147483647;
			files = (
				9FEE2BF11597E74500830BB0 /* InfoPlist.strings in Resources */,
				9FEE2BFA1597E74500830BB0 /* MainStoryboard.storyboard in Resources */,
			);
			runOnlyForDeploymentPostprocessing = 0;
		};
/* End PBXResourcesBuildPhase section */

/* Begin PBXSourcesBuildPhase section */
		9FEE2BDE1597E74500830BB0 /* Sources */ = {
			isa = PBXSourcesBuildPhase;
			buildActionMask = 2147483647;
			files = (
				9FEE2BF31597E74500830BB0 /* main.m in Sources */,
				9FEE2BF71597E74500830BB0 /* CalculatorAppDelegate.m in Sources */,
				9FEE2BFD1597E74500830BB0 /* CalculatorViewController.m in Sources */,
			);
			runOnlyForDeploymentPostprocessing = 0;
		};
/* End PBXSourcesBuildPhase section */

/* Begin PBXVariantGroup section */
		9FEE2BEF1597E74500830BB0 /* InfoPlist.strings */ = {
			isa = PBXVariantGroup;
			children = (
				9FEE2BF01597E74500830BB0 /* en */,
			);
			name = InfoPlist.strings;
			sourceTree = "<group>";
		};
		9FEE2BF81597E74500830BB0 /* MainStoryboard.storyboard */ = {
			isa = PBXVariantGroup;
			children = (
				9FEE2BF91597E74500830BB0 /* en */,
			);
			name = MainStoryboard.storyboard;
			sourceTree = "<group>";
		};
/* End PBXVariantGroup section */

/* Begin XCBuildConfiguration section */
		9FEE2BFE1597E74500830BB0 /* Debug */ = {
			isa = XCBuildConfiguration;
			buildSettings = {
				ALWAYS_SEARCH_USER_PATHS = NO;
				ARCHS = "$(ARCHS_STANDARD_32_BIT)";
				CLANG_ENABLE_OBJC_ARC = YES;
				"CODE_SIGN_IDENTITY[sdk=iphoneos*]" = "iPhone Developer";
				COPY_PHASE_STRIP = NO;
				GCC_C_LANGUAGE_STANDARD = gnu99;
				GCC_DYNAMIC_NO_PIC = NO;
				GCC_OPTIMIZATION_LEVEL = 0;
				GCC_PREPROCESSOR_DEFINITIONS = (
					"DEBUG=1",
					"$(inherited)",
				);
				GCC_SYMBOLS_PRIVATE_EXTERN = NO;
				GCC_VERSION = com.apple.compilers.llvm.clang.1_0;
				GCC_WARN_ABOUT_MISSING_PROTOTYPES = YES;
				GCC_WARN_ABOUT_RETURN_TYPE = YES;
				GCC_WARN_UNUSED_VARIABLE = YES;
				IPHONEOS_DEPLOYMENT_TARGET = 5.0;
				SDKROOT = iphoneos;
			};
			name = Debug;
		};
		9FEE2BFF1597E74500830BB0 /* Release */ = {
			isa = XCBuildConfiguration;
			buildSettings = {
				ALWAYS_SEARCH_USER_PATHS = NO;
				ARCHS = "$(ARCHS_STANDARD_32_BIT)";
				CLANG_ENABLE_OBJC_ARC = YES;
				"CODE_SIGN_IDENTITY[sdk=iphoneos*]" = "iPhone Developer";
				COPY_PHASE_STRIP = YES;
				GCC_C_LANGUAGE_STANDARD = gnu99;
				GCC_VERSION = com.apple.compilers.llvm.clang.1_0;
				GCC_WARN_ABOUT_MISSING_PROTOTYPES = YES;
				GCC_WARN_ABOUT_RETURN_TYPE = YES;
				GCC_WARN_UNUSED_VARIABLE = YES;
				IPHONEOS_DEPLOYMENT_TARGET = 5.0;
				OTHER_CFLAGS = "-DNS_BLOCK_ASSERTIONS=1";
				SDKROOT = iphoneos;
				VALIDATE_PRODUCT = YES;
			};
			name = Release;
		};
		9FEE2C011597E74500830BB0 /* Debug */ = {
			isa = XCBuildConfiguration;
			buildSettings = {
				GCC_PRECOMPILE_PREFIX_HEADER = YES;
				GCC_PREFIX_HEADER = "Calculator/Calculator-Prefix.pch";
				INFOPLIST_FILE = "Calculator/Calculator-Info.plist";
				PRODUCT_NAME = "$(TARGET_NAME)";
				WRAPPER_EXTENSION = app;
			};
			name = Debug;
		};
		9FEE2C021597E74500830BB0 /* Release */ = {
			isa = XCBuildConfiguration;
			buildSettings = {
				GCC_PRECOMPILE_PREFIX_HEADER = YES;
				GCC_PREFIX_HEADER = "Calculator/Calculator-Prefix.pch";
				INFOPLIST_FILE = "Calculator/Calculator-Info.plist";
				PRODUCT_NAME = "$(TARGET_NAME)";
				WRAPPER_EXTENSION = app;
			};
			name = Release;
		};
/* End XCBuildConfiguration section */

/* Begin XCConfigurationList section */
		9FEE2BDC1597E74500830BB0 /* Build configuration list for PBXProject "Calculator" */ = {
			isa = XCConfigurationList;
			buildConfigurations = (
				9FEE2BFE1597E74500830BB0 /* Debug */,
				9FEE2BFF1597E74500830BB0 /* Release */,
			);
			defaultConfigurationIsVisible = 0;
			defaultConfigurationName = Release;
		};
		9FEE2C001597E74500830BB0 /* Build configuration list for PBXNativeTarget "Calculator" */ = {
			isa = XCConfigurationList;
			buildConfigurations = (
				9FEE2C011597E74500830BB0 /* Debug */,
				9FEE2C021597E74500830BB0 /* Release */,
			);
			defaultConfigurationIsVisible = 0;
		};
/* End XCConfigurationList section */
	};
	rootObject = 9FEE2BD91597E74500830BB0 /* Project object */;
}
